// !$*UTF8*$!
{
	archiveVersion = 1;
	classes = {
	};
	objectVersion = 56;
	objects = {

/* Begin PBXBuildFile section */
		3DC039252A93A86D00B3F338 /* AppDelegate.swift in Sources */ = {isa = PBXBuildFile; fileRef = 3DC039242A93A86D00B3F338 /* AppDelegate.swift */; };
		3DC039272A93A86D00B3F338 /* SceneDelegate.swift in Sources */ = {isa = PBXBuildFile; fileRef = 3DC039262A93A86D00B3F338 /* SceneDelegate.swift */; };
		3DC039292A93A86D00B3F338 /* MainPageViewController.swift in Sources */ = {isa = PBXBuildFile; fileRef = 3DC039282A93A86D00B3F338 /* MainPageViewController.swift */; };
		3DC0392E2A93A86E00B3F338 /* Assets.xcassets in Resources */ = {isa = PBXBuildFile; fileRef = 3DC0392D2A93A86E00B3F338 /* Assets.xcassets */; };
		3DC039312A93A86E00B3F338 /* LaunchScreen.storyboard in Resources */ = {isa = PBXBuildFile; fileRef = 3DC0392F2A93A86E00B3F338 /* LaunchScreen.storyboard */; };
		3DC0393A2A93A99500B3F338 /* RealmSwift in Frameworks */ = {isa = PBXBuildFile; productRef = 3DC039392A93A99500B3F338 /* RealmSwift */; };
		3DC0393E2A93AA5700B3F338 /* Note.swift in Sources */ = {isa = PBXBuildFile; fileRef = 3DC0393D2A93AA5700B3F338 /* Note.swift */; };
		3DC039432A93AB8D00B3F338 /* RealmManager.swift in Sources */ = {isa = PBXBuildFile; fileRef = 3DC039422A93AB8D00B3F338 /* RealmManager.swift */; };
		3DC039472A93AE4000B3F338 /* MainPageView.swift in Sources */ = {isa = PBXBuildFile; fileRef = 3DC039462A93AE4000B3F338 /* MainPageView.swift */; };
		3DC0394A2A93B13B00B3F338 /* NoteCollectionViewCell.swift in Sources */ = {isa = PBXBuildFile; fileRef = 3DC039492A93B13B00B3F338 /* NoteCollectionViewCell.swift */; };
		3DC0394D2A93B2BC00B3F338 /* MainPageViewControllerAssembly.swift in Sources */ = {isa = PBXBuildFile; fileRef = 3DC0394C2A93B2BC00B3F338 /* MainPageViewControllerAssembly.swift */; };
		3DC039502A93B37D00B3F338 /* MainPageViewControllerDelegate.swift in Sources */ = {isa = PBXBuildFile; fileRef = 3DC0394F2A93B37D00B3F338 /* MainPageViewControllerDelegate.swift */; };
/* End PBXBuildFile section */

/* Begin PBXFileReference section */
		3DC039212A93A86D00B3F338 /* lesson3.5_homework.app */ = {isa = PBXFileReference; explicitFileType = wrapper.application; includeInIndex = 0; path = lesson3.5_homework.app; sourceTree = BUILT_PRODUCTS_DIR; };
		3DC039242A93A86D00B3F338 /* AppDelegate.swift */ = {isa = PBXFileReference; lastKnownFileType = sourcecode.swift; path = AppDelegate.swift; sourceTree = "<group>"; };
		3DC039262A93A86D00B3F338 /* SceneDelegate.swift */ = {isa = PBXFileReference; lastKnownFileType = sourcecode.swift; path = SceneDelegate.swift; sourceTree = "<group>"; };
		3DC039282A93A86D00B3F338 /* MainPageViewController.swift */ = {isa = PBXFileReference; lastKnownFileType = sourcecode.swift; path = MainPageViewController.swift; sourceTree = "<group>"; };
		3DC0392D2A93A86E00B3F338 /* Assets.xcassets */ = {isa = PBXFileReference; lastKnownFileType = folder.assetcatalog; path = Assets.xcassets; sourceTree = "<group>"; };
		3DC039302A93A86E00B3F338 /* Base */ = {isa = PBXFileReference; lastKnownFileType = file.storyboard; name = Base; path = Base.lproj/LaunchScreen.storyboard; sourceTree = "<group>"; };
		3DC039322A93A86E00B3F338 /* Info.plist */ = {isa = PBXFileReference; lastKnownFileType = text.plist.xml; path = Info.plist; sourceTree = "<group>"; };
		3DC0393D2A93AA5700B3F338 /* Note.swift */ = {isa = PBXFileReference; lastKnownFileType = sourcecode.swift; path = Note.swift; sourceTree = "<group>"; };
		3DC039422A93AB8D00B3F338 /* RealmManager.swift */ = {isa = PBXFileReference; lastKnownFileType = sourcecode.swift; path = RealmManager.swift; sourceTree = "<group>"; };
		3DC039462A93AE4000B3F338 /* MainPageView.swift */ = {isa = PBXFileReference; lastKnownFileType = sourcecode.swift; path = MainPageView.swift; sourceTree = "<group>"; };
		3DC039492A93B13B00B3F338 /* NoteCollectionViewCell.swift */ = {isa = PBXFileReference; lastKnownFileType = sourcecode.swift; path = NoteCollectionViewCell.swift; sourceTree = "<group>"; };
		3DC0394C2A93B2BC00B3F338 /* MainPageViewControllerAssembly.swift */ = {isa = PBXFileReference; lastKnownFileType = sourcecode.swift; path = MainPageViewControllerAssembly.swift; sourceTree = "<group>"; };
		3DC0394F2A93B37D00B3F338 /* MainPageViewControllerDelegate.swift */ = {isa = PBXFileReference; lastKnownFileType = sourcecode.swift; path = MainPageViewControllerDelegate.swift; sourceTree = "<group>"; };
/* End PBXFileReference section */

/* Begin PBXFrameworksBuildPhase section */
		3DC0391E2A93A86D00B3F338 /* Frameworks */ = {
			isa = PBXFrameworksBuildPhase;
			buildActionMask = 2147483647;
			files = (
				3DC0393A2A93A99500B3F338 /* RealmSwift in Frameworks */,
			);
			runOnlyForDeploymentPostprocessing = 0;
		};
/* End PBXFrameworksBuildPhase section */

/* Begin PBXGroup section */
		3DC039182A93A86D00B3F338 = {
			isa = PBXGroup;
			children = (
				3DC039232A93A86D00B3F338 /* lesson3.5_homework */,
				3DC039222A93A86D00B3F338 /* Products */,
			);
			sourceTree = "<group>";
		};
		3DC039222A93A86D00B3F338 /* Products */ = {
			isa = PBXGroup;
			children = (
				3DC039212A93A86D00B3F338 /* lesson3.5_homework.app */,
			);
			name = Products;
			sourceTree = "<group>";
		};
		3DC039232A93A86D00B3F338 /* lesson3.5_homework */ = {
			isa = PBXGroup;
			children = (
				3DC0394E2A93B36A00B3F338 /* Delegates */,
				3DC0394B2A93B2A100B3F338 /* Assembles */,
				3DC039412A93AB5C00B3F338 /* Views */,
				3DC039402A93AB5200B3F338 /* Controllers */,
				3DC0393F2A93AAE200B3F338 /* Models */,
				3DC0393C2A93A9D700B3F338 /* Resources */,
				3DC0393B2A93A9C800B3F338 /* Core */,
				3DC039422A93AB8D00B3F338 /* RealmManager.swift */,
				3DC039492A93B13B00B3F338 /* NoteCollectionViewCell.swift */,
			);
			path = lesson3.5_homework;
			sourceTree = "<group>";
		};
		3DC0393B2A93A9C800B3F338 /* Core */ = {
			isa = PBXGroup;
			children = (
				3DC039262A93A86D00B3F338 /* SceneDelegate.swift */,
				3DC039242A93A86D00B3F338 /* AppDelegate.swift */,
			);
			path = Core;
			sourceTree = "<group>";
		};
		3DC0393C2A93A9D700B3F338 /* Resources */ = {
			isa = PBXGroup;
			children = (
				3DC039322A93A86E00B3F338 /* Info.plist */,
				3DC0392F2A93A86E00B3F338 /* LaunchScreen.storyboard */,
				3DC0392D2A93A86E00B3F338 /* Assets.xcassets */,
			);
			path = Resources;
			sourceTree = "<group>";
		};
		3DC0393F2A93AAE200B3F338 /* Models */ = {
			isa = PBXGroup;
			children = (
				3DC0393D2A93AA5700B3F338 /* Note.swift */,
			);
			path = Models;
			sourceTree = "<group>";
		};
		3DC039402A93AB5200B3F338 /* Controllers */ = {
			isa = PBXGroup;
			children = (
				3DC039282A93A86D00B3F338 /* MainPageViewController.swift */,
			);
			path = Controllers;
			sourceTree = "<group>";
		};
		3DC039412A93AB5C00B3F338 /* Views */ = {
			isa = PBXGroup;
			children = (
				3DC039462A93AE4000B3F338 /* MainPageView.swift */,
			);
			path = Views;
			sourceTree = "<group>";
		};
		3DC0394B2A93B2A100B3F338 /* Assembles */ = {
			isa = PBXGroup;
			children = (
				3DC0394C2A93B2BC00B3F338 /* MainPageViewControllerAssembly.swift */,
			);
			path = Assembles;
			sourceTree = "<group>";
		};
		3DC0394E2A93B36A00B3F338 /* Delegates */ = {
			isa = PBXGroup;
			children = (
				3DC0394F2A93B37D00B3F338 /* MainPageViewControllerDelegate.swift */,
			);
			path = Delegates;
			sourceTree = "<group>";
		};
/* End PBXGroup section */

/* Begin PBXNativeTarget section */
		3DC039202A93A86D00B3F338 /* lesson3.5_homework */ = {
			isa = PBXNativeTarget;
			buildConfigurationList = 3DC039352A93A86E00B3F338 /* Build configuration list for PBXNativeTarget "lesson3.5_homework" */;
			buildPhases = (
				3DC0391D2A93A86D00B3F338 /* Sources */,
				3DC0391E2A93A86D00B3F338 /* Frameworks */,
				3DC0391F2A93A86D00B3F338 /* Resources */,
			);
			buildRules = (
			);
			dependencies = (
			);
			name = lesson3.5_homework;
			packageProductDependencies = (
				3DC039392A93A99500B3F338 /* RealmSwift */,
			);
			productName = lesson3.5_homework;
			productReference = 3DC039212A93A86D00B3F338 /* lesson3.5_homework.app */;
			productType = "com.apple.product-type.application";
		};
/* End PBXNativeTarget section */

/* Begin PBXProject section */
		3DC039192A93A86D00B3F338 /* Project object */ = {
			isa = PBXProject;
			attributes = {
				BuildIndependentTargetsInParallel = 1;
				LastSwiftUpdateCheck = 1430;
				LastUpgradeCheck = 1430;
				TargetAttributes = {
					3DC039202A93A86D00B3F338 = {
						CreatedOnToolsVersion = 14.3.1;
					};
				};
			};
			buildConfigurationList = 3DC0391C2A93A86D00B3F338 /* Build configuration list for PBXProject "lesson3.5_homework" */;
			compatibilityVersion = "Xcode 14.0";
			developmentRegion = en;
			hasScannedForEncodings = 0;
			knownRegions = (
				en,
				Base,
			);
			mainGroup = 3DC039182A93A86D00B3F338;
			packageReferences = (
				3DC039382A93A99500B3F338 /* XCRemoteSwiftPackageReference "realm-swift" */,
			);
			productRefGroup = 3DC039222A93A86D00B3F338 /* Products */;
			projectDirPath = "";
			projectRoot = "";
			targets = (
				3DC039202A93A86D00B3F338 /* lesson3.5_homework */,
			);
		};
/* End PBXProject section */

/* Begin PBXResourcesBuildPhase section */
		3DC0391F2A93A86D00B3F338 /* Resources */ = {
			isa = PBXResourcesBuildPhase;
			buildActionMask = 2147483647;
			files = (
				3DC039312A93A86E00B3F338 /* LaunchScreen.storyboard in Resources */,
				3DC0392E2A93A86E00B3F338 /* Assets.xcassets in Resources */,
			);
			runOnlyForDeploymentPostprocessing = 0;
		};
/* End PBXResourcesBuildPhase section */

/* Begin PBXSourcesBuildPhase section */
		3DC0391D2A93A86D00B3F338 /* Sources */ = {
			isa = PBXSourcesBuildPhase;
			buildActionMask = 2147483647;
			files = (
				3DC0394D2A93B2BC00B3F338 /* MainPageViewControllerAssembly.swift in Sources */,
				3DC039292A93A86D00B3F338 /* MainPageViewController.swift in Sources */,
				3DC039252A93A86D00B3F338 /* AppDelegate.swift in Sources */,
				3DC039472A93AE4000B3F338 /* MainPageView.swift in Sources */,
				3DC039432A93AB8D00B3F338 /* RealmManager.swift in Sources */,
				3DC039272A93A86D00B3F338 /* SceneDelegate.swift in Sources */,
				3DC0393E2A93AA5700B3F338 /* Note.swift in Sources */,
				3DC039502A93B37D00B3F338 /* MainPageViewControllerDelegate.swift in Sources */,
				3DC0394A2A93B13B00B3F338 /* NoteCollectionViewCell.swift in Sources */,
			);
			runOnlyForDeploymentPostprocessing = 0;
		};
/* End PBXSourcesBuildPhase section */

/* Begin PBXVariantGroup section */
		3DC0392F2A93A86E00B3F338 /* LaunchScreen.storyboard */ = {
			isa = PBXVariantGroup;
			children = (
				3DC039302A93A86E00B3F338 /* Base */,
			);
			name = LaunchScreen.storyboard;
			sourceTree = "<group>";
		};
/* End PBXVariantGroup section */

/* Begin XCBuildConfiguration section */
		3DC039332A93A86E00B3F338 /* Debug */ = {
			isa = XCBuildConfiguration;
			buildSettings = {
				ALWAYS_SEARCH_USER_PATHS = NO;
				CLANG_ANALYZER_NONNULL = YES;
				CLANG_ANALYZER_NUMBER_OBJECT_CONVERSION = YES_AGGRESSIVE;
				CLANG_CXX_LANGUAGE_STANDARD = "gnu++20";
				CLANG_ENABLE_MODULES = YES;
				CLANG_ENABLE_OBJC_ARC = YES;
				CLANG_ENABLE_OBJC_WEAK = YES;
				CLANG_WARN_BLOCK_CAPTURE_AUTORELEASING = YES;
				CLANG_WARN_BOOL_CONVERSION = YES;
				CLANG_WARN_COMMA = YES;
				CLANG_WARN_CONSTANT_CONVERSION = YES;
				CLANG_WARN_DEPRECATED_OBJC_IMPLEMENTATIONS = YES;
				CLANG_WARN_DIRECT_OBJC_ISA_USAGE = YES_ERROR;
				CLANG_WARN_DOCUMENTATION_COMMENTS = YES;
				CLANG_WARN_EMPTY_BODY = YES;
				CLANG_WARN_ENUM_CONVERSION = YES;
				CLANG_WARN_INFINITE_RECURSION = YES;
				CLANG_WARN_INT_CONVERSION = YES;
				CLANG_WARN_NON_LITERAL_NULL_CONVERSION = YES;
				CLANG_WARN_OBJC_IMPLICIT_RETAIN_SELF = YES;
				CLANG_WARN_OBJC_LITERAL_CONVERSION = YES;
				CLANG_WARN_OBJC_ROOT_CLASS = YES_ERROR;
				CLANG_WARN_QUOTED_INCLUDE_IN_FRAMEWORK_HEADER = YES;
				CLANG_WARN_RANGE_LOOP_ANALYSIS = YES;
				CLANG_WARN_STRICT_PROTOTYPES = YES;
				CLANG_WARN_SUSPICIOUS_MOVE = YES;
				CLANG_WARN_UNGUARDED_AVAILABILITY = YES_AGGRESSIVE;
				CLANG_WARN_UNREACHABLE_CODE = YES;
				CLANG_WARN__DUPLICATE_METHOD_MATCH = YES;
				COPY_PHASE_STRIP = NO;
				DEBUG_INFORMATION_FORMAT = dwarf;
				ENABLE_STRICT_OBJC_MSGSEND = YES;
				ENABLE_TESTABILITY = YES;
				GCC_C_LANGUAGE_STANDARD = gnu11;
				GCC_DYNAMIC_NO_PIC = NO;
				GCC_NO_COMMON_BLOCKS = YES;
				GCC_OPTIMIZATION_LEVEL = 0;
				GCC_PREPROCESSOR_DEFINITIONS = (
					"DEBUG=1",
					"$(inherited)",
				);
				GCC_WARN_64_TO_32_BIT_CONVERSION = YES;
				GCC_WARN_ABOUT_RETURN_TYPE = YES_ERROR;
				GCC_WARN_UNDECLARED_SELECTOR = YES;
				GCC_WARN_UNINITIALIZED_AUTOS = YES_AGGRESSIVE;
				GCC_WARN_UNUSED_FUNCTION = YES;
				GCC_WARN_UNUSED_VARIABLE = YES;
				IPHONEOS_DEPLOYMENT_TARGET = 16.4;
				MTL_ENABLE_DEBUG_INFO = INCLUDE_SOURCE;
				MTL_FAST_MATH = YES;
				ONLY_ACTIVE_ARCH = YES;
				SDKROOT = iphoneos;
				SWIFT_ACTIVE_COMPILATION_CONDITIONS = DEBUG;
				SWIFT_OPTIMIZATION_LEVEL = "-Onone";
			};
			name = Debug;
		};
		3DC039342A93A86E00B3F338 /* Release */ = {
			isa = XCBuildConfiguration;
			buildSettings = {
				ALWAYS_SEARCH_USER_PATHS = NO;
				CLANG_ANALYZER_NONNULL = YES;
				CLANG_ANALYZER_NUMBER_OBJECT_CONVERSION = YES_AGGRESSIVE;
				CLANG_CXX_LANGUAGE_STANDARD = "gnu++20";
				CLANG_ENABLE_MODULES = YES;
				CLANG_ENABLE_OBJC_ARC = YES;
				CLANG_ENABLE_OBJC_WEAK = YES;
				CLANG_WARN_BLOCK_CAPTURE_AUTORELEASING = YES;
				CLANG_WARN_BOOL_CONVERSION = YES;
				CLANG_WARN_COMMA = YES;
				CLANG_WARN_CONSTANT_CONVERSION = YES;
				CLANG_WARN_DEPRECATED_OBJC_IMPLEMENTATIONS = YES;
				CLANG_WARN_DIRECT_OBJC_ISA_USAGE = YES_ERROR;
				CLANG_WARN_DOCUMENTATION_COMMENTS = YES;
				CLANG_WARN_EMPTY_BODY = YES;
				CLANG_WARN_ENUM_CONVERSION = YES;
				CLANG_WARN_INFINITE_RECURSION = YES;
				CLANG_WARN_INT_CONVERSION = YES;
				CLANG_WARN_NON_LITERAL_NULL_CONVERSION = YES;
				CLANG_WARN_OBJC_IMPLICIT_RETAIN_SELF = YES;
				CLANG_WARN_OBJC_LITERAL_CONVERSION = YES;
				CLANG_WARN_OBJC_ROOT_CLASS = YES_ERROR;
				CLANG_WARN_QUOTED_INCLUDE_IN_FRAMEWORK_HEADER = YES;
				CLANG_WARN_RANGE_LOOP_ANALYSIS = YES;
				CLANG_WARN_STRICT_PROTOTYPES = YES;
				CLANG_WARN_SUSPICIOUS_MOVE = YES;
				CLANG_WARN_UNGUARDED_AVAILABILITY = YES_AGGRESSIVE;
				CLANG_WARN_UNREACHABLE_CODE = YES;
				CLANG_WARN__DUPLICATE_METHOD_MATCH = YES;
				COPY_PHASE_STRIP = NO;
				DEBUG_INFORMATION_FORMAT = "dwarf-with-dsym";
				ENABLE_NS_ASSERTIONS = NO;
				ENABLE_STRICT_OBJC_MSGSEND = YES;
				GCC_C_LANGUAGE_STANDARD = gnu11;
				GCC_NO_COMMON_BLOCKS = YES;
				GCC_WARN_64_TO_32_BIT_CONVERSION = YES;
				GCC_WARN_ABOUT_RETURN_TYPE = YES_ERROR;
				GCC_WARN_UNDECLARED_SELECTOR = YES;
				GCC_WARN_UNINITIALIZED_AUTOS = YES_AGGRESSIVE;
				GCC_WARN_UNUSED_FUNCTION = YES;
				GCC_WARN_UNUSED_VARIABLE = YES;
				IPHONEOS_DEPLOYMENT_TARGET = 16.4;
				MTL_ENABLE_DEBUG_INFO = NO;
				MTL_FAST_MATH = YES;
				SDKROOT = iphoneos;
				SWIFT_COMPILATION_MODE = wholemodule;
				SWIFT_OPTIMIZATION_LEVEL = "-O";
				VALIDATE_PRODUCT = YES;
			};
			name = Release;
		};
		3DC039362A93A86E00B3F338 /* Debug */ = {
			isa = XCBuildConfiguration;
			buildSettings = {
				ASSETCATALOG_COMPILER_APPICON_NAME = AppIcon;
				ASSETCATALOG_COMPILER_GLOBAL_ACCENT_COLOR_NAME = AccentColor;
				CODE_SIGN_STYLE = Automatic;
				CURRENT_PROJECT_VERSION = 1;
				DEVELOPMENT_TEAM = QQXC2V882Q;
				GENERATE_INFOPLIST_FILE = YES;
				INFOPLIST_FILE = lesson3.5_homework/Resources/Info.plist;
				INFOPLIST_KEY_UIApplicationSupportsIndirectInputEvents = YES;
				INFOPLIST_KEY_UILaunchStoryboardName = LaunchScreen;
				INFOPLIST_KEY_UISupportedInterfaceOrientations_iPad = "UIInterfaceOrientationPortrait UIInterfaceOrientationPortraitUpsideDown UIInterfaceOrientationLandscapeLeft UIInterfaceOrientationLandscapeRight";
				INFOPLIST_KEY_UISupportedInterfaceOrientations_iPhone = "UIInterfaceOrientationPortrait UIInterfaceOrientationLandscapeLeft UIInterfaceOrientationLandscapeRight";
				LD_RUNPATH_SEARCH_PATHS = (
					"$(inherited)",
					"@executable_path/Frameworks",
				);
				MARKETING_VERSION = 1.0;
				PRODUCT_BUNDLE_IDENTIFIER = "edxswift.lesson3-5-homework";
				PRODUCT_NAME = "$(TARGET_NAME)";
				SWIFT_EMIT_LOC_STRINGS = YES;
				SWIFT_VERSION = 5.0;
				TARGETED_DEVICE_FAMILY = "1,2";
			};
			name = Debug;
		};
		3DC039372A93A86E00B3F338 /* Release */ = {
			isa = XCBuildConfiguration;
			buildSettings = {
				ASSETCATALOG_COMPILER_APPICON_NAME = AppIcon;
				ASSETCATALOG_COMPILER_GLOBAL_ACCENT_COLOR_NAME = AccentColor;
				CODE_SIGN_STYLE = Automatic;
				CURRENT_PROJECT_VERSION = 1;
				DEVELOPMENT_TEAM = QQXC2V882Q;
				GENERATE_INFOPLIST_FILE = YES;
				INFOPLIST_FILE = lesson3.5_homework/Resources/Info.plist;
				INFOPLIST_KEY_UIApplicationSupportsIndirectInputEvents = YES;
				INFOPLIST_KEY_UILaunchStoryboardName = LaunchScreen;
				INFOPLIST_KEY_UISupportedInterfaceOrientations_iPad = "UIInterfaceOrientationPortrait UIInterfaceOrientationPortraitUpsideDown UIInterfaceOrientationLandscapeLeft UIInterfaceOrientationLandscapeRight";
				INFOPLIST_KEY_UISupportedInterfaceOrientations_iPhone = "UIInterfaceOrientationPortrait UIInterfaceOrientationLandscapeLeft UIInterfaceOrientationLandscapeRight";
				LD_RUNPATH_SEARCH_PATHS = (
					"$(inherited)",
					"@executable_path/Frameworks",
				);
				MARKETING_VERSION = 1.0;
				PRODUCT_BUNDLE_IDENTIFIER = "edxswift.lesson3-5-homework";
				PRODUCT_NAME = "$(TARGET_NAME)";
				SWIFT_EMIT_LOC_STRINGS = YES;
				SWIFT_VERSION = 5.0;
				TARGETED_DEVICE_FAMILY = "1,2";
			};
			name = Release;
		};
/* End XCBuildConfiguration section */

/* Begin XCConfigurationList section */
		3DC0391C2A93A86D00B3F338 /* Build configuration list for PBXProject "lesson3.5_homework" */ = {
			isa = XCConfigurationList;
			buildConfigurations = (
				3DC039332A93A86E00B3F338 /* Debug */,
				3DC039342A93A86E00B3F338 /* Release */,
			);
			defaultConfigurationIsVisible = 0;
			defaultConfigurationName = Release;
		};
		3DC039352A93A86E00B3F338 /* Build configuration list for PBXNativeTarget "lesson3.5_homework" */ = {
			isa = XCConfigurationList;
			buildConfigurations = (
				3DC039362A93A86E00B3F338 /* Debug */,
				3DC039372A93A86E00B3F338 /* Release */,
			);
			defaultConfigurationIsVisible = 0;
			defaultConfigurationName = Release;
		};
/* End XCConfigurationList section */

/* Begin XCRemoteSwiftPackageReference section */
		3DC039382A93A99500B3F338 /* XCRemoteSwiftPackageReference "realm-swift" */ = {
			isa = XCRemoteSwiftPackageReference;
			repositoryURL = "https://github.com/realm/realm-swift";
			requirement = {
				branch = master;
				kind = branch;
			};
		};
/* End XCRemoteSwiftPackageReference section */

/* Begin XCSwiftPackageProductDependency section */
		3DC039392A93A99500B3F338 /* RealmSwift */ = {
			isa = XCSwiftPackageProductDependency;
			package = 3DC039382A93A99500B3F338 /* XCRemoteSwiftPackageReference "realm-swift" */;
			productName = RealmSwift;
		};
/* End XCSwiftPackageProductDependency section */
	};
	rootObject = 3DC039192A93A86D00B3F338 /* Project object */;
}
